// !$*UTF8*$!
{
	archiveVersion = 1;
	classes = {
	};
	objectVersion = 50;
	objects = {

/* Begin PBXBuildFile section */
		76660A73248985020074CFC9 /* AppDelegate.swift in Sources */ = {isa = PBXBuildFile; fileRef = 76660A72248985020074CFC9 /* AppDelegate.swift */; };
		76660A75248985020074CFC9 /* SceneDelegate.swift in Sources */ = {isa = PBXBuildFile; fileRef = 76660A74248985020074CFC9 /* SceneDelegate.swift */; };
		76660A77248985020074CFC9 /* ViewController1.swift in Sources */ = {isa = PBXBuildFile; fileRef = 76660A76248985020074CFC9 /* ViewController1.swift */; };
		76660A7A248985020074CFC9 /* Main.storyboard in Resources */ = {isa = PBXBuildFile; fileRef = 76660A78248985020074CFC9 /* Main.storyboard */; };
		76660A7C248985030074CFC9 /* Assets.xcassets in Resources */ = {isa = PBXBuildFile; fileRef = 76660A7B248985030074CFC9 /* Assets.xcassets */; };
		76660A7F248985030074CFC9 /* LaunchScreen.storyboard in Resources */ = {isa = PBXBuildFile; fileRef = 76660A7D248985030074CFC9 /* LaunchScreen.storyboard */; };
		76660A87248ABB220074CFC9 /* ViewController2.swift in Sources */ = {isa = PBXBuildFile; fileRef = 76660A86248ABB220074CFC9 /* ViewController2.swift */; };
		76660A89248ABB590074CFC9 /* ViewController3.swift in Sources */ = {isa = PBXBuildFile; fileRef = 76660A88248ABB590074CFC9 /* ViewController3.swift */; };
		767F3AE5248BA368009425B9 /* PresentationViewController.swift in Sources */ = {isa = PBXBuildFile; fileRef = 767F3AE3248BA368009425B9 /* PresentationViewController.swift */; };
		767F3AE6248BA368009425B9 /* PresentationViewController.xib in Resources */ = {isa = PBXBuildFile; fileRef = 767F3AE4248BA368009425B9 /* PresentationViewController.xib */; };
		767F3AE8248BAC49009425B9 /* ViewController5.swift in Sources */ = {isa = PBXBuildFile; fileRef = 767F3AE7248BAC49009425B9 /* ViewController5.swift */; };
/* End PBXBuildFile section */

/* Begin PBXFileReference section */
		76660A6F248985020074CFC9 /* TabBarUkrainskaya.app */ = {isa = PBXFileReference; explicitFileType = wrapper.application; includeInIndex = 0; path = TabBarUkrainskaya.app; sourceTree = BUILT_PRODUCTS_DIR; };
		76660A72248985020074CFC9 /* AppDelegate.swift */ = {isa = PBXFileReference; lastKnownFileType = sourcecode.swift; path = AppDelegate.swift; sourceTree = "<group>"; };
		76660A74248985020074CFC9 /* SceneDelegate.swift */ = {isa = PBXFileReference; lastKnownFileType = sourcecode.swift; path = SceneDelegate.swift; sourceTree = "<group>"; };
		76660A76248985020074CFC9 /* ViewController1.swift */ = {isa = PBXFileReference; lastKnownFileType = sourcecode.swift; path = ViewController1.swift; sourceTree = "<group>"; };
		76660A79248985020074CFC9 /* Base */ = {isa = PBXFileReference; lastKnownFileType = file.storyboard; name = Base; path = Base.lproj/Main.storyboard; sourceTree = "<group>"; };
		76660A7B248985030074CFC9 /* Assets.xcassets */ = {isa = PBXFileReference; lastKnownFileType = folder.assetcatalog; path = Assets.xcassets; sourceTree = "<group>"; };
		76660A7E248985030074CFC9 /* Base */ = {isa = PBXFileReference; lastKnownFileType = file.storyboard; name = Base; path = Base.lproj/LaunchScreen.storyboard; sourceTree = "<group>"; };
		76660A80248985030074CFC9 /* Info.plist */ = {isa = PBXFileReference; lastKnownFileType = text.plist.xml; path = Info.plist; sourceTree = "<group>"; };
		76660A86248ABB220074CFC9 /* ViewController2.swift */ = {isa = PBXFileReference; lastKnownFileType = sourcecode.swift; path = ViewController2.swift; sourceTree = "<group>"; };
		76660A88248ABB590074CFC9 /* ViewController3.swift */ = {isa = PBXFileReference; lastKnownFileType = sourcecode.swift; path = ViewController3.swift; sourceTree = "<group>"; };
		767F3AE3248BA368009425B9 /* PresentationViewController.swift */ = {isa = PBXFileReference; lastKnownFileType = sourcecode.swift; path = PresentationViewController.swift; sourceTree = "<group>"; };
		767F3AE4248BA368009425B9 /* PresentationViewController.xib */ = {isa = PBXFileReference; lastKnownFileType = file.xib; path = PresentationViewController.xib; sourceTree = "<group>"; };
		767F3AE7248BAC49009425B9 /* ViewController5.swift */ = {isa = PBXFileReference; lastKnownFileType = sourcecode.swift; path = ViewController5.swift; sourceTree = "<group>"; };
/* End PBXFileReference section */

/* Begin PBXFrameworksBuildPhase section */
		76660A6C248985020074CFC9 /* Frameworks */ = {
			isa = PBXFrameworksBuildPhase;
			buildActionMask = 2147483647;
			files = (
			);
			runOnlyForDeploymentPostprocessing = 0;
		};
/* End PBXFrameworksBuildPhase section */

/* Begin PBXGroup section */
		76660A66248985020074CFC9 = {
			isa = PBXGroup;
			children = (
				76660A71248985020074CFC9 /* TabBarUkrainskaya */,
				76660A70248985020074CFC9 /* Products */,
			);
			sourceTree = "<group>";
		};
		76660A70248985020074CFC9 /* Products */ = {
			isa = PBXGroup;
			children = (
				76660A6F248985020074CFC9 /* TabBarUkrainskaya.app */,
			);
			name = Products;
			sourceTree = "<group>";
		};
		76660A71248985020074CFC9 /* TabBarUkrainskaya */ = {
			isa = PBXGroup;
			children = (
				76660A72248985020074CFC9 /* AppDelegate.swift */,
				76660A74248985020074CFC9 /* SceneDelegate.swift */,
				76660A76248985020074CFC9 /* ViewController1.swift */,
				76660A86248ABB220074CFC9 /* ViewController2.swift */,
				76660A88248ABB590074CFC9 /* ViewController3.swift */,
				767F3AE7248BAC49009425B9 /* ViewController5.swift */,
				76660A78248985020074CFC9 /* Main.storyboard */,
				767F3AE3248BA368009425B9 /* PresentationViewController.swift */,
				767F3AE4248BA368009425B9 /* PresentationViewController.xib */,
				76660A7B248985030074CFC9 /* Assets.xcassets */,
				76660A7D248985030074CFC9 /* LaunchScreen.storyboard */,
				76660A80248985030074CFC9 /* Info.plist */,
			);
			path = TabBarUkrainskaya;
			sourceTree = "<group>";
		};
/* End PBXGroup section */

/* Begin PBXNativeTarget section */
		76660A6E248985020074CFC9 /* TabBarUkrainskaya */ = {
			isa = PBXNativeTarget;
			buildConfigurationList = 76660A83248985030074CFC9 /* Build configuration list for PBXNativeTarget "TabBarUkrainskaya" */;
			buildPhases = (
				76660A6B248985020074CFC9 /* Sources */,
				76660A6C248985020074CFC9 /* Frameworks */,
				76660A6D248985020074CFC9 /* Resources */,
			);
			buildRules = (
			);
			dependencies = (
			);
			name = TabBarUkrainskaya;
			productName = TabBarUkrainskaya;
			productReference = 76660A6F248985020074CFC9 /* TabBarUkrainskaya.app */;
			productType = "com.apple.product-type.application";
		};
/* End PBXNativeTarget section */

/* Begin PBXProject section */
		76660A67248985020074CFC9 /* Project object */ = {
			isa = PBXProject;
			attributes = {
				LastSwiftUpdateCheck = 1150;
				LastUpgradeCheck = 1150;
				ORGANIZATIONNAME = "Ukrainskaya Olesya";
				TargetAttributes = {
					76660A6E248985020074CFC9 = {
						CreatedOnToolsVersion = 11.5;
					};
				};
			};
			buildConfigurationList = 76660A6A248985020074CFC9 /* Build configuration list for PBXProject "TabBarUkrainskaya" */;
			compatibilityVersion = "Xcode 9.3";
			developmentRegion = en;
			hasScannedForEncodings = 0;
			knownRegions = (
				en,
				Base,
			);
			mainGroup = 76660A66248985020074CFC9;
			productRefGroup = 76660A70248985020074CFC9 /* Products */;
			projectDirPath = "";
			projectRoot = "";
			targets = (
				76660A6E248985020074CFC9 /* TabBarUkrainskaya */,
			);
		};
/* End PBXProject section */

/* Begin PBXResourcesBuildPhase section */
		76660A6D248985020074CFC9 /* Resources */ = {
			isa = PBXResourcesBuildPhase;
			buildActionMask = 2147483647;
			files = (
				76660A7F248985030074CFC9 /* LaunchScreen.storyboard in Resources */,
				76660A7C248985030074CFC9 /* Assets.xcassets in Resources */,
				767F3AE6248BA368009425B9 /* PresentationViewController.xib in Resources */,
				76660A7A248985020074CFC9 /* Main.storyboard in Resources */,
			);
			runOnlyForDeploymentPostprocessing = 0;
		};
/* End PBXResourcesBuildPhase section */

/* Begin PBXSourcesBuildPhase section */
		76660A6B248985020074CFC9 /* Sources */ = {
			isa = PBXSourcesBuildPhase;
			buildActionMask = 2147483647;
			files = (
				76660A89248ABB590074CFC9 /* ViewController3.swift in Sources */,
				76660A77248985020074CFC9 /* ViewController1.swift in Sources */,
				76660A87248ABB220074CFC9 /* ViewController2.swift in Sources */,
				76660A73248985020074CFC9 /* AppDelegate.swift in Sources */,
				767F3AE8248BAC49009425B9 /* ViewController5.swift in Sources */,
				767F3AE5248BA368009425B9 /* PresentationViewController.swift in Sources */,
				76660A75248985020074CFC9 /* SceneDelegate.swift in Sources */,
			);
			runOnlyForDeploymentPostprocessing = 0;
		};
/* End PBXSourcesBuildPhase section */

/* Begin PBXVariantGroup section */
		76660A78248985020074CFC9 /* Main.storyboard */ = {
			isa = PBXVariantGroup;
			children = (
				76660A79248985020074CFC9 /* Base */,
			);
			name = Main.storyboard;
			sourceTree = "<group>";
		};
		76660A7D248985030074CFC9 /* LaunchScreen.storyboard */ = {
			isa = PBXVariantGroup;
			children = (
				76660A7E248985030074CFC9 /* Base */,
			);
			name = LaunchScreen.storyboard;
			sourceTree = "<group>";
		};
/* End PBXVariantGroup section */

/* Begin XCBuildConfiguration section */
		76660A81248985030074CFC9 /* Debug */ = {
			isa = XCBuildConfiguration;
			buildSettings = {
				ALWAYS_SEARCH_USER_PATHS = NO;
				CLANG_ANALYZER_NONNULL = YES;
				CLANG_ANALYZER_NUMBER_OBJECT_CONVERSION = YES_AGGRESSIVE;
				CLANG_CXX_LANGUAGE_STANDARD = "gnu++14";
				CLANG_CXX_LIBRARY = "libc++";
				CLANG_ENABLE_MODULES = YES;
				CLANG_ENABLE_OBJC_ARC = YES;
				CLANG_ENABLE_OBJC_WEAK = YES;
				CLANG_WARN_BLOCK_CAPTURE_AUTORELEASING = YES;
				CLANG_WARN_BOOL_CONVERSION = YES;
				CLANG_WARN_COMMA = YES;
				CLANG_WARN_CONSTANT_CONVERSION = YES;
				CLANG_WARN_DEPRECATED_OBJC_IMPLEMENTATIONS = YES;
				CLANG_WARN_DIRECT_OBJC_ISA_USAGE = YES_ERROR;
				CLANG_WARN_DOCUMENTATION_COMMENTS = YES;
				CLANG_WARN_EMPTY_BODY = YES;
				CLANG_WARN_ENUM_CONVERSION = YES;
				CLANG_WARN_INFINITE_RECURSION = YES;
				CLANG_WARN_INT_CONVERSION = YES;
				CLANG_WARN_NON_LITERAL_NULL_CONVERSION = YES;
				CLANG_WARN_OBJC_IMPLICIT_RETAIN_SELF = YES;
				CLANG_WARN_OBJC_LITERAL_CONVERSION = YES;
				CLANG_WARN_OBJC_ROOT_CLASS = YES_ERROR;
				CLANG_WARN_RANGE_LOOP_ANALYSIS = YES;
				CLANG_WARN_STRICT_PROTOTYPES = YES;
				CLANG_WARN_SUSPICIOUS_MOVE = YES;
				CLANG_WARN_UNGUARDED_AVAILABILITY = YES_AGGRESSIVE;
				CLANG_WARN_UNREACHABLE_CODE = YES;
				CLANG_WARN__DUPLICATE_METHOD_MATCH = YES;
				COPY_PHASE_STRIP = NO;
				DEBUG_INFORMATION_FORMAT = dwarf;
				ENABLE_STRICT_OBJC_MSGSEND = YES;
				ENABLE_TESTABILITY = YES;
				GCC_C_LANGUAGE_STANDARD = gnu11;
				GCC_DYNAMIC_NO_PIC = NO;
				GCC_NO_COMMON_BLOCKS = YES;
				GCC_OPTIMIZATION_LEVEL = 0;
				GCC_PREPROCESSOR_DEFINITIONS = (
					"DEBUG=1",
					"$(inherited)",
				);
				GCC_WARN_64_TO_32_BIT_CONVERSION = YES;
				GCC_WARN_ABOUT_RETURN_TYPE = YES_ERROR;
				GCC_WARN_UNDECLARED_SELECTOR = YES;
				GCC_WARN_UNINITIALIZED_AUTOS = YES_AGGRESSIVE;
				GCC_WARN_UNUSED_FUNCTION = YES;
				GCC_WARN_UNUSED_VARIABLE = YES;
				IPHONEOS_DEPLOYMENT_TARGET = 13.5;
				MTL_ENABLE_DEBUG_INFO = INCLUDE_SOURCE;
				MTL_FAST_MATH = YES;
				ONLY_ACTIVE_ARCH = YES;
				SDKROOT = iphoneos;
				SWIFT_ACTIVE_COMPILATION_CONDITIONS = DEBUG;
				SWIFT_OPTIMIZATION_LEVEL = "-Onone";
			};
			name = Debug;
		};
		76660A82248985030074CFC9 /* Release */ = {
			isa = XCBuildConfiguration;
			buildSettings = {
				ALWAYS_SEARCH_USER_PATHS = NO;
				CLANG_ANALYZER_NONNULL = YES;
				CLANG_ANALYZER_NUMBER_OBJECT_CONVERSION = YES_AGGRESSIVE;
				CLANG_CXX_LANGUAGE_STANDARD = "gnu++14";
				CLANG_CXX_LIBRARY = "libc++";
				CLANG_ENABLE_MODULES = YES;
				CLANG_ENABLE_OBJC_ARC = YES;
				CLANG_ENABLE_OBJC_WEAK = YES;
				CLANG_WARN_BLOCK_CAPTURE_AUTORELEASING = YES;
				CLANG_WARN_BOOL_CONVERSION = YES;
				CLANG_WARN_COMMA = YES;
				CLANG_WARN_CONSTANT_CONVERSION = YES;
				CLANG_WARN_DEPRECATED_OBJC_IMPLEMENTATIONS = YES;
				CLANG_WARN_DIRECT_OBJC_ISA_USAGE = YES_ERROR;
				CLANG_WARN_DOCUMENTATION_COMMENTS = YES;
				CLANG_WARN_EMPTY_BODY = YES;
				CLANG_WARN_ENUM_CONVERSION = YES;
				CLANG_WARN_INFINITE_RECURSION = YES;
				CLANG_WARN_INT_CONVERSION = YES;
				CLANG_WARN_NON_LITERAL_NULL_CONVERSION = YES;
				CLANG_WARN_OBJC_IMPLICIT_RETAIN_SELF = YES;
				CLANG_WARN_OBJC_LITERAL_CONVERSION = YES;
				CLANG_WARN_OBJC_ROOT_CLASS = YES_ERROR;
				CLANG_WARN_RANGE_LOOP_ANALYSIS = YES;
				CLANG_WARN_STRICT_PROTOTYPES = YES;
				CLANG_WARN_SUSPICIOUS_MOVE = YES;
				CLANG_WARN_UNGUARDED_AVAILABILITY = YES_AGGRESSIVE;
				CLANG_WARN_UNREACHABLE_CODE = YES;
				CLANG_WARN__DUPLICATE_METHOD_MATCH = YES;
				COPY_PHASE_STRIP = NO;
				DEBUG_INFORMATION_FORMAT = "dwarf-with-dsym";
				ENABLE_NS_ASSERTIONS = NO;
				ENABLE_STRICT_OBJC_MSGSEND = YES;
				GCC_C_LANGUAGE_STANDARD = gnu11;
				GCC_NO_COMMON_BLOCKS = YES;
				GCC_WARN_64_TO_32_BIT_CONVERSION = YES;
				GCC_WARN_ABOUT_RETURN_TYPE = YES_ERROR;
				GCC_WARN_UNDECLARED_SELECTOR = YES;
				GCC_WARN_UNINITIALIZED_AUTOS = YES_AGGRESSIVE;
				GCC_WARN_UNUSED_FUNCTION = YES;
				GCC_WARN_UNUSED_VARIABLE = YES;
				IPHONEOS_DEPLOYMENT_TARGET = 13.5;
				MTL_ENABLE_DEBUG_INFO = NO;
				MTL_FAST_MATH = YES;
				SDKROOT = iphoneos;
				SWIFT_COMPILATION_MODE = wholemodule;
				SWIFT_OPTIMIZATION_LEVEL = "-O";
				VALIDATE_PRODUCT = YES;
			};
			name = Release;
		};
		76660A84248985030074CFC9 /* Debug */ = {
			isa = XCBuildConfiguration;
			buildSettings = {
				ASSETCATALOG_COMPILER_APPICON_NAME = AppIcon;
				CODE_SIGN_STYLE = Automatic;
				INFOPLIST_FILE = TabBarUkrainskaya/Info.plist;
				LD_RUNPATH_SEARCH_PATHS = (
					"$(inherited)",
					"@executable_path/Frameworks",
				);
				PRODUCT_BUNDLE_IDENTIFIER = Ukrainskaya.TabBarUkrainskaya;
				PRODUCT_NAME = "$(TARGET_NAME)";
				SWIFT_VERSION = 5.0;
				TARGETED_DEVICE_FAMILY = "1,2";
			};
			name = Debug;
		};
		76660A85248985030074CFC9 /* Release */ = {
			isa = XCBuildConfiguration;
			buildSettings = {
				ASSETCATALOG_COMPILER_APPICON_NAME = AppIcon;
				CODE_SIGN_STYLE = Automatic;
				INFOPLIST_FILE = TabBarUkrainskaya/Info.plist;
				LD_RUNPATH_SEARCH_PATHS = (
					"$(inherited)",
					"@executable_path/Frameworks",
				);
				PRODUCT_BUNDLE_IDENTIFIER = Ukrainskaya.TabBarUkrainskaya;
				PRODUCT_NAME = "$(TARGET_NAME)";
				SWIFT_VERSION = 5.0;
				TARGETED_DEVICE_FAMILY = "1,2";
			};
			name = Release;
		};
/* End XCBuildConfiguration section */

/* Begin XCConfigurationList section */
		76660A6A248985020074CFC9 /* Build configuration list for PBXProject "TabBarUkrainskaya" */ = {
			isa = XCConfigurationList;
			buildConfigurations = (
				76660A81248985030074CFC9 /* Debug */,
				76660A82248985030074CFC9 /* Release */,
			);
			defaultConfigurationIsVisible = 0;
			defaultConfigurationName = Release;
		};
		76660A83248985030074CFC9 /* Build configuration list for PBXNativeTarget "TabBarUkrainskaya" */ = {
			isa = XCConfigurationList;
			buildConfigurations = (
				76660A84248985030074CFC9 /* Debug */,
				76660A85248985030074CFC9 /* Release */,
			);
			defaultConfigurationIsVisible = 0;
			defaultConfigurationName = Release;
		};
/* End XCConfigurationList section */
	};
	rootObject = 76660A67248985020074CFC9 /* Project object */;
}
